{
	"name": "apim-subscriptions-analytics",
	"version": "1.0.0",
	"lockfileVersion": 1,
	"requires": true,
	"dependencies": {
		"@types/prop-types": {
			"version": "15.7.3",
			"resolved": "https://registry.npmjs.org/@types/prop-types/-/prop-types-15.7.3.tgz",
			"integrity": "sha512-KfRL3PuHmqQLOG+2tGpRO26Ctg+Cq1E01D2DMriKEATHgWLfeNDmq9e29Q9WIky0dQ3NPkd1mzYH8Lm936Z9qw=="
		},
		"@types/react": {
			"version": "16.9.38",
			"resolved": "https://registry.npmjs.org/@types/react/-/react-16.9.38.tgz",
			"integrity": "sha512-pHAeZbjjNRa/hxyNuLrvbxhhnKyKNiLC6I5fRF2Zr/t/S6zS41MiyzH4+c+1I9vVfvuRt1VS2Lodjr4ZWnxrdA==",
			"requires": {
				"@types/prop-types": "*",
				"csstype": "^2.2.0"
			}
		},
		"@types/react-table": {
			"version": "6.8.7",
			"resolved": "https://registry.npmjs.org/@types/react-table/-/react-table-6.8.7.tgz",
			"integrity": "sha512-1U0xl47jk0BzE+HNHgxZYSLvtybSvnlLhOpW9Mfqf9iuRm/fGqgRab3TKivPCY6Tl7WPFM2hWEJ1GnsuSFc9AQ==",
			"requires": {
				"@types/react": "*"
			}
		},
		"add-dom-event-listener": {
			"version": "1.1.0",
			"resolved": "https://registry.npmjs.org/add-dom-event-listener/-/add-dom-event-listener-1.1.0.tgz",
			"integrity": "sha512-WCxx1ixHT0GQU9hb0KI/mhgRQhnU+U3GvwY6ZvVjYq8rsihIGoaIOUbY0yMPBxLH5MDtr0kz3fisWGNcbWW7Jw==",
			"requires": {
				"object-assign": "4.x"
			}
		},
		"babel-runtime": {
			"version": "6.26.0",
			"resolved": "https://registry.npmjs.org/babel-runtime/-/babel-runtime-6.26.0.tgz",
			"integrity": "sha1-llxwWGaOgrVde/4E/yM3vItWR/4=",
			"requires": {
				"core-js": "^2.4.0",
				"regenerator-runtime": "^0.11.0"
			}
		},
		"classnames": {
			"version": "2.2.6",
			"resolved": "https://registry.npmjs.org/classnames/-/classnames-2.2.6.tgz",
			"integrity": "sha512-JR/iSQOSt+LQIWwrwEzJ9uk0xfN3mTVYMwt1Ir5mUcSN6pU+V4zQFFaJsclJbPuAUQH+yfWef6tm7l1quW3C8Q=="
		},
		"commander": {
			"version": "2.20.3",
			"resolved": "https://registry.npmjs.org/commander/-/commander-2.20.3.tgz",
			"integrity": "sha512-GpVkmM8vF2vQUkj2LvZmD35JxeJOLCwJ9cUkugyk2nuhbv3+mJvpLYYt+0+USMxE+oj+ey/lJEnhZw75x/OMcQ=="
		},
		"component-classes": {
			"version": "1.2.6",
			"resolved": "https://registry.npmjs.org/component-classes/-/component-classes-1.2.6.tgz",
			"integrity": "sha1-xkI5TDYYpNiwuJGe/Mu9kw5c1pE=",
			"requires": {
				"component-indexof": "0.0.3"
			}
		},
		"component-indexof": {
			"version": "0.0.3",
			"resolved": "https://registry.npmjs.org/component-indexof/-/component-indexof-0.0.3.tgz",
			"integrity": "sha1-EdCRMSI5648yyPJa6csAL/6NPCQ="
		},
		"core-js": {
			"version": "2.6.11",
			"resolved": "https://registry.npmjs.org/core-js/-/core-js-2.6.11.tgz",
			"integrity": "sha512-5wjnpaT/3dV+XB4borEsnAYQchn00XSgTAWKDkEqv+K8KevjbzmofK6hfJ9TZIlpj2N0xQpazy7PiRQiWHqzWg=="
		},
		"css-animation": {
			"version": "1.6.1",
			"resolved": "https://registry.npmjs.org/css-animation/-/css-animation-1.6.1.tgz",
			"integrity": "sha512-/48+/BaEaHRY6kNQ2OIPzKf9A6g8WjZYjhiNDNuIVbsm5tXCGIAsHDjB4Xu1C4vXJtUWZo26O68OQkDpNBaPog==",
			"requires": {
				"babel-runtime": "6.x",
				"component-classes": "^1.2.5"
			}
		},
		"csstype": {
			"version": "2.6.10",
			"resolved": "https://registry.npmjs.org/csstype/-/csstype-2.6.10.tgz",
			"integrity": "sha512-D34BqZU4cIlMCY93rZHbrq9pjTAQJ3U8S8rfBqjwHxkGPThWFjzZDQpgMJY0QViLxth6ZKYiwFBo14RdN44U/w=="
		},
		"d3": {
			"version": "4.13.0",
			"resolved": "https://registry.npmjs.org/d3/-/d3-4.13.0.tgz",
			"integrity": "sha512-l8c4+0SldjVKLaE2WG++EQlqD7mh/dmQjvi2L2lKPadAVC+TbJC4ci7Uk9bRi+To0+ansgsS0iWfPjD7DBy+FQ==",
			"requires": {
				"d3-array": "1.2.1",
				"d3-axis": "1.0.8",
				"d3-brush": "1.0.4",
				"d3-chord": "1.0.4",
				"d3-collection": "1.0.4",
				"d3-color": "1.0.3",
				"d3-dispatch": "1.0.3",
				"d3-drag": "1.2.1",
				"d3-dsv": "1.0.8",
				"d3-ease": "1.0.3",
				"d3-force": "1.1.0",
				"d3-format": "1.2.2",
				"d3-geo": "1.9.1",
				"d3-hierarchy": "1.1.5",
				"d3-interpolate": "1.1.6",
				"d3-path": "1.0.5",
				"d3-polygon": "1.0.3",
				"d3-quadtree": "1.0.3",
				"d3-queue": "3.0.7",
				"d3-random": "1.1.0",
				"d3-request": "1.0.6",
				"d3-scale": "1.0.7",
				"d3-selection": "1.3.0",
				"d3-shape": "1.2.0",
				"d3-time": "1.0.8",
				"d3-time-format": "2.1.1",
				"d3-timer": "1.0.7",
				"d3-transition": "1.1.1",
				"d3-voronoi": "1.1.2",
				"d3-zoom": "1.7.1"
			}
		},
		"d3-array": {
			"version": "1.2.1",
			"resolved": "https://registry.npmjs.org/d3-array/-/d3-array-1.2.1.tgz",
			"integrity": "sha512-CyINJQ0SOUHojDdFDH4JEM0552vCR1utGyLHegJHyYH0JyCpSeTPxi4OBqHMA2jJZq4NH782LtaJWBImqI/HBw=="
		},
		"d3-axis": {
			"version": "1.0.8",
			"resolved": "https://registry.npmjs.org/d3-axis/-/d3-axis-1.0.8.tgz",
			"integrity": "sha1-MacFoLU15ldZ3hQXOjGTMTfxjvo="
		},
		"d3-brush": {
			"version": "1.0.4",
			"resolved": "https://registry.npmjs.org/d3-brush/-/d3-brush-1.0.4.tgz",
			"integrity": "sha1-AMLyOAGfJPbAoZSibUGhUw/+e8Q=",
			"requires": {
				"d3-dispatch": "1",
				"d3-drag": "1",
				"d3-interpolate": "1",
				"d3-selection": "1",
				"d3-transition": "1"
			}
		},
		"d3-chord": {
			"version": "1.0.4",
			"resolved": "https://registry.npmjs.org/d3-chord/-/d3-chord-1.0.4.tgz",
			"integrity": "sha1-fexPC6iG9xP+ERxF92NBT290yiw=",
			"requires": {
				"d3-array": "1",
				"d3-path": "1"
			}
		},
		"d3-collection": {
			"version": "1.0.4",
			"resolved": "https://registry.npmjs.org/d3-collection/-/d3-collection-1.0.4.tgz",
			"integrity": "sha1-NC39EoN8kJdPM/HMCnha6lcNzcI="
		},
		"d3-color": {
			"version": "1.0.3",
			"resolved": "https://registry.npmjs.org/d3-color/-/d3-color-1.0.3.tgz",
			"integrity": "sha1-vHZD/KjlOoNH4vva/6I2eWtYUJs="
		},
		"d3-dispatch": {
			"version": "1.0.3",
			"resolved": "https://registry.npmjs.org/d3-dispatch/-/d3-dispatch-1.0.3.tgz",
			"integrity": "sha1-RuFJHqqbWMNY/OW+TovtYm54cfg="
		},
		"d3-drag": {
			"version": "1.2.1",
			"resolved": "https://registry.npmjs.org/d3-drag/-/d3-drag-1.2.1.tgz",
			"integrity": "sha512-Cg8/K2rTtzxzrb0fmnYOUeZHvwa4PHzwXOLZZPwtEs2SKLLKLXeYwZKBB+DlOxUvFmarOnmt//cU4+3US2lyyQ==",
			"requires": {
				"d3-dispatch": "1",
				"d3-selection": "1"
			}
		},
		"d3-dsv": {
			"version": "1.0.8",
			"resolved": "https://registry.npmjs.org/d3-dsv/-/d3-dsv-1.0.8.tgz",
			"integrity": "sha512-IVCJpQ+YGe3qu6odkPQI0KPqfxkhbP/oM1XhhE/DFiYmcXKfCRub4KXyiuehV1d4drjWVXHUWx4gHqhdZb6n/A==",
			"requires": {
				"commander": "2",
				"iconv-lite": "0.4",
				"rw": "1"
			}
		},
		"d3-ease": {
			"version": "1.0.3",
			"resolved": "https://registry.npmjs.org/d3-ease/-/d3-ease-1.0.3.tgz",
			"integrity": "sha1-aL+8NJM4o4DETYrMT7wzBKotjA4="
		},
		"d3-force": {
			"version": "1.1.0",
			"resolved": "https://registry.npmjs.org/d3-force/-/d3-force-1.1.0.tgz",
			"integrity": "sha512-2HVQz3/VCQs0QeRNZTYb7GxoUCeb6bOzMp/cGcLa87awY9ZsPvXOGeZm0iaGBjXic6I1ysKwMn+g+5jSAdzwcg==",
			"requires": {
				"d3-collection": "1",
				"d3-dispatch": "1",
				"d3-quadtree": "1",
				"d3-timer": "1"
			}
		},
		"d3-format": {
			"version": "1.2.2",
			"resolved": "https://registry.npmjs.org/d3-format/-/d3-format-1.2.2.tgz",
			"integrity": "sha512-zH9CfF/3C8zUI47nsiKfD0+AGDEuM8LwBIP7pBVpyR4l/sKkZqITmMtxRp04rwBrlshIZ17XeFAaovN3++wzkw=="
		},
		"d3-geo": {
			"version": "1.9.1",
			"resolved": "https://registry.npmjs.org/d3-geo/-/d3-geo-1.9.1.tgz",
			"integrity": "sha512-l9wL/cEQkyZQYXw3xbmLsH3eQ5ij+icNfo4r0GrLa5rOCZR/e/3am45IQ0FvQ5uMsv+77zBRunLc9ufTWSQYFA==",
			"requires": {
				"d3-array": "1"
			}
		},
		"d3-geo-projection": {
			"version": "1.2.2",
			"resolved": "https://registry.npmjs.org/d3-geo-projection/-/d3-geo-projection-1.2.2.tgz",
			"integrity": "sha1-7w5s3PoN8jbQ4j8sp3UEYsozH3I=",
			"requires": {
				"commander": "2",
				"d3-array": "1",
				"d3-geo": "^1.1.0"
			}
		},
		"d3-hierarchy": {
			"version": "1.1.5",
			"resolved": "https://registry.npmjs.org/d3-hierarchy/-/d3-hierarchy-1.1.5.tgz",
			"integrity": "sha1-ochFxC+Eoga88cAcAQmOpN2qeiY="
		},
		"d3-interpolate": {
			"version": "1.1.6",
			"resolved": "https://registry.npmjs.org/d3-interpolate/-/d3-interpolate-1.1.6.tgz",
			"integrity": "sha512-mOnv5a+pZzkNIHtw/V6I+w9Lqm9L5bG3OTXPM5A+QO0yyVMQ4W1uZhR+VOJmazaOZXri2ppbiZ5BUNWT0pFM9A==",
			"requires": {
				"d3-color": "1"
			}
		},
		"d3-path": {
			"version": "1.0.5",
			"resolved": "https://registry.npmjs.org/d3-path/-/d3-path-1.0.5.tgz",
			"integrity": "sha1-JB6xhJvZ6egCHA0KeZ+KDo5EF2Q="
		},
		"d3-polygon": {
			"version": "1.0.3",
			"resolved": "https://registry.npmjs.org/d3-polygon/-/d3-polygon-1.0.3.tgz",
			"integrity": "sha1-FoiOkCZGCTPysXllKtN4Ik04LGI="
		},
		"d3-quadtree": {
			"version": "1.0.3",
			"resolved": "https://registry.npmjs.org/d3-quadtree/-/d3-quadtree-1.0.3.tgz",
			"integrity": "sha1-rHmH4+I/6AWpkPKOG1DTj8uCJDg="
		},
		"d3-queue": {
			"version": "3.0.7",
			"resolved": "https://registry.npmjs.org/d3-queue/-/d3-queue-3.0.7.tgz",
			"integrity": "sha1-yTouVLQXwJWRKdfXP2z31Ckudhg="
		},
		"d3-random": {
			"version": "1.1.0",
			"resolved": "https://registry.npmjs.org/d3-random/-/d3-random-1.1.0.tgz",
			"integrity": "sha1-ZkLlBsb6OmSFldKyRpeIqNElKdM="
		},
		"d3-request": {
			"version": "1.0.6",
			"resolved": "https://registry.npmjs.org/d3-request/-/d3-request-1.0.6.tgz",
			"integrity": "sha512-FJj8ySY6GYuAJHZMaCQ83xEYE4KbkPkmxZ3Hu6zA1xxG2GD+z6P+Lyp+zjdsHf0xEbp2xcluDI50rCS855EQ6w==",
			"requires": {
				"d3-collection": "1",
				"d3-dispatch": "1",
				"d3-dsv": "1",
				"xmlhttprequest": "1"
			}
		},
		"d3-scale": {
			"version": "1.0.7",
			"resolved": "https://registry.npmjs.org/d3-scale/-/d3-scale-1.0.7.tgz",
			"integrity": "sha512-KvU92czp2/qse5tUfGms6Kjig0AhHOwkzXG0+PqIJB3ke0WUv088AHMZI0OssO9NCkXt4RP8yju9rpH8aGB7Lw==",
			"requires": {
				"d3-array": "^1.2.0",
				"d3-collection": "1",
				"d3-color": "1",
				"d3-format": "1",
				"d3-interpolate": "1",
				"d3-time": "1",
				"d3-time-format": "2"
			}
		},
		"d3-selection": {
			"version": "1.3.0",
			"resolved": "https://registry.npmjs.org/d3-selection/-/d3-selection-1.3.0.tgz",
			"integrity": "sha512-qgpUOg9tl5CirdqESUAu0t9MU/t3O9klYfGfyKsXEmhyxyzLpzpeh08gaxBUTQw1uXIOkr/30Ut2YRjSSxlmHA=="
		},
		"d3-shape": {
			"version": "1.2.0",
			"resolved": "https://registry.npmjs.org/d3-shape/-/d3-shape-1.2.0.tgz",
			"integrity": "sha1-RdAVOPBkuv0F6j1tLLdI/YxB93c=",
			"requires": {
				"d3-path": "1"
			}
		},
		"d3-time": {
			"version": "1.0.8",
			"resolved": "https://registry.npmjs.org/d3-time/-/d3-time-1.0.8.tgz",
			"integrity": "sha512-YRZkNhphZh3KcnBfitvF3c6E0JOFGikHZ4YqD+Lzv83ZHn1/u6yGenRU1m+KAk9J1GnZMnKcrtfvSktlA1DXNQ=="
		},
		"d3-time-format": {
			"version": "2.1.1",
			"resolved": "https://registry.npmjs.org/d3-time-format/-/d3-time-format-2.1.1.tgz",
			"integrity": "sha512-8kAkymq2WMfzW7e+s/IUNAtN/y3gZXGRrdGfo6R8NKPAA85UBTxZg5E61bR6nLwjPjj4d3zywSQe1CkYLPFyrw==",
			"requires": {
				"d3-time": "1"
			}
		},
		"d3-timer": {
			"version": "1.0.7",
			"resolved": "https://registry.npmjs.org/d3-timer/-/d3-timer-1.0.7.tgz",
			"integrity": "sha512-vMZXR88XujmG/L5oB96NNKH5lCWwiLM/S2HyyAQLcjWJCloK5shxta4CwOFYLZoY3AWX73v8Lgv4cCAdWtRmOA=="
		},
		"d3-transition": {
			"version": "1.1.1",
			"resolved": "https://registry.npmjs.org/d3-transition/-/d3-transition-1.1.1.tgz",
			"integrity": "sha512-xeg8oggyQ+y5eb4J13iDgKIjUcEfIOZs2BqV/eEmXm2twx80wTzJ4tB4vaZ5BKfz7XsI/DFmQL5me6O27/5ykQ==",
			"requires": {
				"d3-color": "1",
				"d3-dispatch": "1",
				"d3-ease": "1",
				"d3-interpolate": "1",
				"d3-selection": "^1.1.0",
				"d3-timer": "1"
			}
		},
		"d3-voronoi": {
			"version": "1.1.2",
			"resolved": "https://registry.npmjs.org/d3-voronoi/-/d3-voronoi-1.1.2.tgz",
			"integrity": "sha1-Fodmfo8TotFYyAwUgMWinLDYlzw="
		},
		"d3-zoom": {
			"version": "1.7.1",
			"resolved": "https://registry.npmjs.org/d3-zoom/-/d3-zoom-1.7.1.tgz",
			"integrity": "sha512-sZHQ55DGq5BZBFGnRshUT8tm2sfhPHFnOlmPbbwTkAoPeVdRTkB4Xsf9GCY0TSHrTD8PeJPZGmP/TpGicwJDJQ==",
			"requires": {
				"d3-dispatch": "1",
				"d3-drag": "1",
				"d3-interpolate": "1",
				"d3-selection": "1",
				"d3-transition": "1"
			}
		},
		"dom-align": {
			"version": "1.12.0",
			"resolved": "https://registry.npmjs.org/dom-align/-/dom-align-1.12.0.tgz",
			"integrity": "sha512-YkoezQuhp3SLFGdOlr5xkqZ640iXrnHAwVYcDg8ZKRUtO7mSzSC2BA5V0VuyAwPSJA4CLIc6EDDJh4bEsD2+zA=="
		},
		"iconv-lite": {
			"version": "0.4.24",
			"resolved": "https://registry.npmjs.org/iconv-lite/-/iconv-lite-0.4.24.tgz",
			"integrity": "sha512-v3MXnZAcvnywkTUEZomIActle7RXXeedOR31wwl7VlyoXO4Qi9arvSenNQWne1TcRwhCL1HwLI21bEqdpj8/rA==",
			"requires": {
				"safer-buffer": ">= 2.1.2 < 3"
			}
		},
		"js-tokens": {
			"version": "4.0.0",
			"resolved": "https://registry.npmjs.org/js-tokens/-/js-tokens-4.0.0.tgz",
			"integrity": "sha512-RdJUflcE3cUzKiMqQgsCu06FPu9UdIJO0beYbPhHN4k6apgJtifcoCtT9bcxOpYBtpD2kCM6Sbzg4CausW/PKQ=="
		},
		"lodash": {
			"version": "4.17.15",
			"resolved": "https://registry.npmjs.org/lodash/-/lodash-4.17.15.tgz",
			"integrity": "sha512-8xOcRHvCjnocdS5cpwXQXVzmmh5e5+saE2QGoeQmbKmRS6J3VQppPOIt0MnmE+4xlZoumy0GPG0D0MVIQbNA1A=="
		},
		"loose-envify": {
			"version": "1.4.0",
			"resolved": "https://registry.npmjs.org/loose-envify/-/loose-envify-1.4.0.tgz",
			"integrity": "sha512-lyuxPGr/Wfhrlem2CL/UcnUc1zcqKAImBDzukY7Y5F/yQiNdko6+fRLevlw1HgMySw7f611UIY408EtxRSoK3Q==",
			"requires": {
				"js-tokens": "^3.0.0 || ^4.0.0"
			}
		},
		"moment": {
			"version": "2.27.0",
			"resolved": "https://registry.npmjs.org/moment/-/moment-2.27.0.tgz",
			"integrity": "sha512-al0MUK7cpIcglMv3YF13qSgdAIqxHTO7brRtaz3DlSULbqfazqkc5kEjNrLDOM7fsjshoFIihnU8snrP7zUvhQ=="
		},
		"object-assign": {
			"version": "4.1.1",
			"resolved": "https://registry.npmjs.org/object-assign/-/object-assign-4.1.1.tgz",
			"integrity": "sha1-IQmtx5ZYh8/AXLvUQsrIv7s2CGM="
		},
		"performance-now": {
			"version": "2.1.0",
			"resolved": "https://registry.npmjs.org/performance-now/-/performance-now-2.1.0.tgz",
			"integrity": "sha1-Ywn04OX6kT7BxpMHrjZLSzd8nns="
		},
		"prop-types": {
			"version": "15.7.2",
			"resolved": "https://registry.npmjs.org/prop-types/-/prop-types-15.7.2.tgz",
			"integrity": "sha512-8QQikdH7//R2vurIJSutZ1smHYTcLpRWEOlHnzcWHmBYrOGUysKwSsrC89BCiFj3CbrfJ/nXFdJepOVrY1GCHQ==",
			"requires": {
				"loose-envify": "^1.4.0",
				"object-assign": "^4.1.1",
				"react-is": "^16.8.1"
			}
		},
		"raf": {
			"version": "3.4.1",
			"resolved": "https://registry.npmjs.org/raf/-/raf-3.4.1.tgz",
			"integrity": "sha512-Sq4CW4QhwOHE8ucn6J34MqtZCeWFP2aQSmrlroYgqAV1PjStIhJXxYuTgUIfkEk7zTLjmIjLmU5q+fbD1NnOJA==",
			"requires": {
				"performance-now": "^2.1.0"
			}
		},
		"rc-align": {
			"version": "2.4.5",
			"resolved": "https://registry.npmjs.org/rc-align/-/rc-align-2.4.5.tgz",
			"integrity": "sha512-nv9wYUYdfyfK+qskThf4BQUSIadeI/dCsfaMZfNEoxm9HwOIioQ+LyqmMK6jWHAZQgOzMLaqawhuBXlF63vgjw==",
			"requires": {
				"babel-runtime": "^6.26.0",
				"dom-align": "^1.7.0",
				"prop-types": "^15.5.8",
				"rc-util": "^4.0.4"
			}
		},
		"rc-animate": {
			"version": "2.11.1",
			"resolved": "https://registry.npmjs.org/rc-animate/-/rc-animate-2.11.1.tgz",
			"integrity": "sha512-1NyuCGFJG/0Y+9RKh5y/i/AalUCA51opyyS/jO2seELpgymZm2u9QV3xwODwEuzkmeQ1BDPxMLmYLcTJedPlkQ==",
			"requires": {
				"babel-runtime": "6.x",
				"classnames": "^2.2.6",
				"css-animation": "^1.3.2",
				"prop-types": "15.x",
				"raf": "^3.4.0",
				"rc-util": "^4.15.3",
				"react-lifecycles-compat": "^3.0.4"
			}
		},
		"rc-slider": {
			"version": "8.7.1",
			"resolved": "https://registry.npmjs.org/rc-slider/-/rc-slider-8.7.1.tgz",
			"integrity": "sha512-WMT5mRFUEcrLWwTxsyS8jYmlaMsTVCZIGENLikHsNv+tE8ThU2lCoPfi/xFNUfJFNFSBFP3MwPez9ZsJmNp13g==",
			"requires": {
				"babel-runtime": "6.x",
				"classnames": "^2.2.5",
				"prop-types": "^15.5.4",
				"rc-tooltip": "^3.7.0",
				"rc-util": "^4.0.4",
				"react-lifecycles-compat": "^3.0.4",
				"shallowequal": "^1.1.0",
				"warning": "^4.0.3"
			}
		},
		"rc-tooltip": {
			"version": "3.7.3",
			"resolved": "https://registry.npmjs.org/rc-tooltip/-/rc-tooltip-3.7.3.tgz",
			"integrity": "sha512-dE2ibukxxkrde7wH9W8ozHKUO4aQnPZ6qBHtrTH9LoO836PjDdiaWO73fgPB05VfJs9FbZdmGPVEbXCeOP99Ww==",
			"requires": {
				"babel-runtime": "6.x",
				"prop-types": "^15.5.8",
				"rc-trigger": "^2.2.2"
			}
		},
		"rc-trigger": {
			"version": "2.6.5",
			"resolved": "https://registry.npmjs.org/rc-trigger/-/rc-trigger-2.6.5.tgz",
			"integrity": "sha512-m6Cts9hLeZWsTvWnuMm7oElhf+03GOjOLfTuU0QmdB9ZrW7jR2IpI5rpNM7i9MvAAlMAmTx5Zr7g3uu/aMvZAw==",
			"requires": {
				"babel-runtime": "6.x",
				"classnames": "^2.2.6",
				"prop-types": "15.x",
				"rc-align": "^2.4.0",
				"rc-animate": "2.x",
				"rc-util": "^4.4.0",
				"react-lifecycles-compat": "^3.0.4"
			}
		},
		"rc-util": {
			"version": "4.21.1",
			"resolved": "https://registry.npmjs.org/rc-util/-/rc-util-4.21.1.tgz",
			"integrity": "sha512-Z+vlkSQVc1l8O2UjR3WQ+XdWlhj5q9BMQNLk2iOBch75CqPfrJyGtcWMcnhRlNuDu0Ndtt4kLVO8JI8BrABobg==",
			"requires": {
				"add-dom-event-listener": "^1.1.0",
				"prop-types": "^15.5.10",
				"react-is": "^16.12.0",
				"react-lifecycles-compat": "^3.0.4",
				"shallowequal": "^1.1.0"
			}
		},
		"react": {
			"version": "16.13.1",
			"resolved": "https://registry.npmjs.org/react/-/react-16.13.1.tgz",
			"integrity": "sha512-YMZQQq32xHLX0bz5Mnibv1/LHb3Sqzngu7xstSM+vrkE5Kzr9xE0yMByK5kMoTK30YVJE61WfbxIFFvfeDKT1w==",
			"requires": {
				"loose-envify": "^1.1.0",
				"object-assign": "^4.1.1",
				"prop-types": "^15.6.2"
			}
		},
		"react-dom": {
			"version": "16.13.1",
			"resolved": "https://registry.npmjs.org/react-dom/-/react-dom-16.13.1.tgz",
			"integrity": "sha512-81PIMmVLnCNLO/fFOQxdQkvEq/+Hfpv24XNJfpyZhTRfO0QcmQIF/PgCa1zCOj2w1hrn12MFLyaJ/G0+Mxtfag==",
			"requires": {
				"loose-envify": "^1.1.0",
				"object-assign": "^4.1.1",
				"prop-types": "^15.6.2",
				"scheduler": "^0.19.1"
			}
		},
		"react-is": {
			"version": "16.13.1",
			"resolved": "https://registry.npmjs.org/react-is/-/react-is-16.13.1.tgz",
			"integrity": "sha512-24e6ynE2H+OKt4kqsOvNd8kBpV65zoxbA4BVsEOB3ARVWQki/DHzaUoC5KuON/BiccDaCCTZBuOcfZs70kR8bQ=="
		},
		"react-lifecycles-compat": {
			"version": "3.0.4",
			"resolved": "https://registry.npmjs.org/react-lifecycles-compat/-/react-lifecycles-compat-3.0.4.tgz",
			"integrity": "sha512-fBASbA6LnOU9dOU2eW7aQ8xmYBSXUIWr+UmF9b1efZBazGNO+rcXT/icdKnYm2pTwcRylVUYwW7H1PHfLekVzA=="
		},
		"react-simple-maps": {
			"version": "0.9.0",
			"resolved": "https://registry.npmjs.org/react-simple-maps/-/react-simple-maps-0.9.0.tgz",
			"integrity": "sha512-6nH0VUB1z+kwsgChZo3E+jc2uWp9MdTqut+SSTiEFXlWfeRgG4Nc0/YkSOIZUwbGCoEpPsdpQDaoaMspQcC+uw==",
			"requires": {
				"d3-geo": "1.6.3",
				"d3-geo-projection": "1.2.2",
				"topojson-client": "2.1.0"
			},
			"dependencies": {
				"d3-geo": {
					"version": "1.6.3",
					"resolved": "https://registry.npmjs.org/d3-geo/-/d3-geo-1.6.3.tgz",
					"integrity": "sha1-IWg6Q6Bh6rohp/JUtR1ZN+tkB1Y=",
					"requires": {
						"d3-array": "1"
					}
				},
				"topojson-client": {
					"version": "2.1.0",
					"resolved": "https://registry.npmjs.org/topojson-client/-/topojson-client-2.1.0.tgz",
					"integrity": "sha1-/59784mRGF4LQoTCsGroNPDqxsg=",
					"requires": {
						"commander": "2"
					}
				}
			}
		},
		"react-table": {
			"version": "6.11.5",
			"resolved": "https://registry.npmjs.org/react-table/-/react-table-6.11.5.tgz",
			"integrity": "sha512-LM+AS9v//7Y7lAlgTWW/cW6Sn5VOb3EsSkKQfQTzOW8FngB1FUskLLNEVkAYsTX9LjOWR3QlGjykJqCE6eXT/g==",
			"requires": {
				"@types/react-table": "^6.8.5",
				"classnames": "^2.2.5",
				"react-is": "^16.8.1"
			}
		},
		"react-tooltip": {
			"version": "3.11.6",
			"resolved": "https://registry.npmjs.org/react-tooltip/-/react-tooltip-3.11.6.tgz",
			"integrity": "sha512-nTc1yHHaPCHHURvMpf/VNF17pIZiU4zwUGFJBUVr1fZkezFC7E0VPMMVrCfDjt+IpwTHICyzlyx+1FiQ7lw5LQ==",
			"requires": {
				"prop-types": "^15.6.0"
			}
		},
		"react-vizgrammar": {
			"version": "0.8.6",
			"resolved": "https://registry.npmjs.org/react-vizgrammar/-/react-vizgrammar-0.8.6.tgz",
			"integrity": "sha512-yiVJXI5laC3mjMqKgV3NrW6/K00QYguuwqw9nJmK/eT29YYZOmly1UVDYnkKxbOFElgYTVM3EWTTTvJCMB7bNw==",
			"requires": {
				"d3": "^4.12.0",
				"lodash": "^4.17.4",
				"prop-types": "^15.6.0",
				"rc-slider": "^8.3.4",
				"react": "^16.0.0",
				"react-dom": "^16.0.0",
				"react-simple-maps": "^0.9.0",
				"react-table": "^6.6.0",
				"react-tooltip": "^3.4.0",
				"topojson-client": "^3.0.0",
				"victory": "^0.22.2",
				"victory-core": "^20.2.0"
			}
		},
		"regenerator-runtime": {
			"version": "0.11.1",
			"resolved": "https://registry.npmjs.org/regenerator-runtime/-/regenerator-runtime-0.11.1.tgz",
			"integrity": "sha512-MguG95oij0fC3QV3URf4V2SDYGJhJnJGqvIIgdECeODCT98wSWDAJ94SSuVpYQUoTcGUIL6L4yNB7j1DFFHSBg=="
		},
		"rw": {
			"version": "1.3.3",
			"resolved": "https://registry.npmjs.org/rw/-/rw-1.3.3.tgz",
			"integrity": "sha1-P4Yt+pGrdmsUiF700BEkv9oHT7Q="
		},
		"safer-buffer": {
			"version": "2.1.2",
			"resolved": "https://registry.npmjs.org/safer-buffer/-/safer-buffer-2.1.2.tgz",
			"integrity": "sha512-YZo3K82SD7Riyi0E1EQPojLz7kpepnSQI9IyPbHHg1XXXevb5dJI7tpyN2ADxGcQbHG7vcyRHk0cbwqcQriUtg=="
		},
		"scheduler": {
			"version": "0.19.1",
			"resolved": "https://registry.npmjs.org/scheduler/-/scheduler-0.19.1.tgz",
			"integrity": "sha512-n/zwRWRYSUj0/3g/otKDRPMh6qv2SYMWNq85IEa8iZyAv8od9zDYpGSnpBEjNgcMNq6Scbu5KfIPxNF72R/2EA==",
			"requires": {
				"loose-envify": "^1.1.0",
				"object-assign": "^4.1.1"
			}
		},
		"shallowequal": {
			"version": "1.1.0",
			"resolved": "https://registry.npmjs.org/shallowequal/-/shallowequal-1.1.0.tgz",
			"integrity": "sha512-y0m1JoUZSlPAjXVtPPW70aZWfIL/dSP7AFkRnniLCrK/8MDKog3TySTBmckD+RObVxH0v4Tox67+F14PdED2oQ=="
		},
		"topojson-client": {
			"version": "3.1.0",
			"resolved": "https://registry.npmjs.org/topojson-client/-/topojson-client-3.1.0.tgz",
			"integrity": "sha512-605uxS6bcYxGXw9qi62XyrV6Q3xwbndjachmNxu8HWTtVPxZfEJN9fd/SZS1Q54Sn2y0TMyMxFj/cJINqGHrKw==",
			"requires": {
				"commander": "2"
			}
		},
		"victory": {
			"version": "0.22.2",
			"resolved": "https://registry.npmjs.org/victory/-/victory-0.22.2.tgz",
			"integrity": "sha1-0MGrjHfZzQtDvRW6aD8SUNrnuns=",
			"requires": {
				"victory-chart": "^22.0.0",
				"victory-core": "^18.0.2",
				"victory-pie": "^12.0.0"
			},
			"dependencies": {
				"victory-core": {
					"version": "18.0.2",
					"resolved": "https://registry.npmjs.org/victory-core/-/victory-core-18.0.2.tgz",
					"integrity": "sha1-WpYoZdHOR7HOx0CjSjn4J0ttTmg=",
					"requires": {
						"d3-ease": "^1.0.0",
						"d3-interpolate": "^1.1.1",
						"d3-scale": "^1.0.0",
						"d3-shape": "^1.2.0",
						"d3-timer": "^1.0.0",
						"lodash": "^4.17.4"
					}
				}
			}
		},
		"victory-chart": {
			"version": "22.0.0",
			"resolved": "https://registry.npmjs.org/victory-chart/-/victory-chart-22.0.0.tgz",
			"integrity": "sha1-VfCoXH0U1Ph6tQt2GvDsFzF3Pms=",
			"requires": {
				"d3-voronoi": "^1.1.2",
				"lodash": "^4.17.4",
				"victory-core": "^18.0.0"
			},
			"dependencies": {
				"victory-core": {
					"version": "18.0.2",
					"resolved": "https://registry.npmjs.org/victory-core/-/victory-core-18.0.2.tgz",
					"integrity": "sha1-WpYoZdHOR7HOx0CjSjn4J0ttTmg=",
					"requires": {
						"d3-ease": "^1.0.0",
						"d3-interpolate": "^1.1.1",
						"d3-scale": "^1.0.0",
						"d3-shape": "^1.2.0",
						"d3-timer": "^1.0.0",
						"lodash": "^4.17.4"
					}
				}
			}
		},
		"victory-core": {
			"version": "20.6.0",
			"resolved": "https://registry.npmjs.org/victory-core/-/victory-core-20.6.0.tgz",
			"integrity": "sha512-ucE3AWR3HaQIWLfAl/vQI+QfYbwgIFSgai2VnfxPZFoeyZ1QjR7qJC3AyhrHaE1r1K8Wcl3XeWtDT42Bu6yYEw==",
			"requires": {
				"d3-ease": "^1.0.0",
				"d3-interpolate": "^1.1.1",
				"d3-scale": "^1.0.0",
				"d3-shape": "^1.2.0",
				"d3-timer": "^1.0.0",
				"lodash": "^4.17.4"
			}
		},
		"victory-pie": {
			"version": "12.0.0",
			"resolved": "https://registry.npmjs.org/victory-pie/-/victory-pie-12.0.0.tgz",
			"integrity": "sha1-YMc00pdr4tARRG/fqQJOClkipgU=",
			"requires": {
				"d3-shape": "^1.0.0",
				"lodash": "^4.17.4",
				"victory-core": "^18.0.0"
			},
			"dependencies": {
				"victory-core": {
					"version": "18.0.2",
					"resolved": "https://registry.npmjs.org/victory-core/-/victory-core-18.0.2.tgz",
					"integrity": "sha1-WpYoZdHOR7HOx0CjSjn4J0ttTmg=",
					"requires": {
						"d3-ease": "^1.0.0",
						"d3-interpolate": "^1.1.1",
						"d3-scale": "^1.0.0",
						"d3-shape": "^1.2.0",
						"d3-timer": "^1.0.0",
						"lodash": "^4.17.4"
					}
				}
			}
		},
		"warning": {
			"version": "4.0.3",
			"resolved": "https://registry.npmjs.org/warning/-/warning-4.0.3.tgz",
			"integrity": "sha512-rpJyN222KWIvHJ/F53XSZv0Zl/accqHR8et1kpaMTD/fLCRxtV8iX8czMzY7sVZupTI3zcUTg8eycS2kNF9l6w==",
			"requires": {
				"loose-envify": "^1.0.0"
			}
		},
		"xmlhttprequest": {
			"version": "1.8.0",
			"resolved": "https://registry.npmjs.org/xmlhttprequest/-/xmlhttprequest-1.8.0.tgz",
			"integrity": "sha1-Z/4HXFwk/vOfnWX197f+dRcZaPw="
		}
	}
}
