{
    "name": "apim-overall-error-info",
    "version": "1.0.0",
    "lockfileVersion": 1,
    "requires": true,
    "dependencies": {
        "moment": {
            "version": "2.25.3",
            "resolved": "https://registry.npmjs.org/moment/-/moment-2.25.3.tgz",
            "integrity": "sha1-JS/0ExnPQeR3YaGojKsw7f6YCMA="
        }
    }
}
