{
    "name": "apim-api-resource-usage",
    "version": "1.0.0",
    "lockfileVersion": 1,
    "requires": true,
    "dependencies": {
        "@types/prop-types": {
            "version": "15.7.3",
            "resolved": "https://registry.npmjs.org/@types/prop-types/-/prop-types-15.7.3.tgz",
            "integrity": "sha1-KrDV2i5YFflLC51LldHl8kOrLKc="
        },
        "@types/react": {
            "version": "16.9.34",
            "resolved": "https://registry.npmjs.org/@types/react/-/react-16.9.34.tgz",
            "integrity": "sha1-99XjMcRo9Tr/7ReopNSIzUTqk0k=",
            "requires": {
                "@types/prop-types": "*",
                "csstype": "^2.2.0"
            }
        },
        "@types/react-table": {
            "version": "6.8.7",
            "resolved": "https://registry.npmjs.org/@types/react-table/-/react-table-6.8.7.tgz",
            "integrity": "sha1-IQ/6KGLdNxE1BnbAvbv7/0XxS4Q=",
            "requires": {
                "@types/react": "*"
            }
        },
        "add-dom-event-listener": {
            "version": "1.1.0",
            "resolved": "https://registry.npmjs.org/add-dom-event-listener/-/add-dom-event-listener-1.1.0.tgz",
            "integrity": "sha1-apLbOg3Qq8JU4JXA8dwUrLuq4xA=",
            "requires": {
                "object-assign": "4.x"
            }
        },
        "babel-runtime": {
            "version": "6.26.0",
            "resolved": "https://registry.npmjs.org/babel-runtime/-/babel-runtime-6.26.0.tgz",
            "integrity": "sha1-llxwWGaOgrVde/4E/yM3vItWR/4=",
            "requires": {
                "core-js": "^2.4.0",
                "regenerator-runtime": "^0.11.0"
            }
        },
        "classnames": {
            "version": "2.2.6",
            "resolved": "https://registry.npmjs.org/classnames/-/classnames-2.2.6.tgz",
            "integrity": "sha1-Q5Nb/90pHzJtrQogUwmzjQD2UM4="
        },
        "commander": {
            "version": "2.20.3",
            "resolved": "https://registry.npmjs.org/commander/-/commander-2.20.3.tgz",
            "integrity": "sha1-/UhehMA+tIgcIHIrpIA16FMa6zM="
        },
        "component-classes": {
            "version": "1.2.6",
            "resolved": "https://registry.npmjs.org/component-classes/-/component-classes-1.2.6.tgz",
            "integrity": "sha1-xkI5TDYYpNiwuJGe/Mu9kw5c1pE=",
            "requires": {
                "component-indexof": "0.0.3"
            }
        },
        "component-indexof": {
            "version": "0.0.3",
            "resolved": "https://registry.npmjs.org/component-indexof/-/component-indexof-0.0.3.tgz",
            "integrity": "sha1-EdCRMSI5648yyPJa6csAL/6NPCQ="
        },
        "core-js": {
            "version": "2.6.11",
            "resolved": "https://registry.npmjs.org/core-js/-/core-js-2.6.11.tgz",
            "integrity": "sha1-OIMUafmSK97Y7iHJ3EaYXgOZMIw="
        },
        "css-animation": {
            "version": "1.6.1",
            "resolved": "https://registry.npmjs.org/css-animation/-/css-animation-1.6.1.tgz",
            "integrity": "sha1-FiBko7DVH5WLf/N7PW1N4Y4XA54=",
            "requires": {
                "babel-runtime": "6.x",
                "component-classes": "^1.2.5"
            }
        },
        "csstype": {
            "version": "2.6.10",
            "resolved": "https://registry.npmjs.org/csstype/-/csstype-2.6.10.tgz",
            "integrity": "sha1-5jr1DmbXwmbttrMpCc/Qqr4Dkos="
        },
        "d3": {
            "version": "4.13.0",
            "resolved": "https://registry.npmjs.org/d3/-/d3-4.13.0.tgz",
            "integrity": "sha1-qyNv+M8M/CeoHmm/L7dRi8m08z0=",
            "requires": {
                "d3-array": "1.2.1",
                "d3-axis": "1.0.8",
                "d3-brush": "1.0.4",
                "d3-chord": "1.0.4",
                "d3-collection": "1.0.4",
                "d3-color": "1.0.3",
                "d3-dispatch": "1.0.3",
                "d3-drag": "1.2.1",
                "d3-dsv": "1.0.8",
                "d3-ease": "1.0.3",
                "d3-force": "1.1.0",
                "d3-format": "1.2.2",
                "d3-geo": "1.9.1",
                "d3-hierarchy": "1.1.5",
                "d3-interpolate": "1.1.6",
                "d3-path": "1.0.5",
                "d3-polygon": "1.0.3",
                "d3-quadtree": "1.0.3",
                "d3-queue": "3.0.7",
                "d3-random": "1.1.0",
                "d3-request": "1.0.6",
                "d3-scale": "1.0.7",
                "d3-selection": "1.3.0",
                "d3-shape": "1.2.0",
                "d3-time": "1.0.8",
                "d3-time-format": "2.1.1",
                "d3-timer": "1.0.7",
                "d3-transition": "1.1.1",
                "d3-voronoi": "1.1.2",
                "d3-zoom": "1.7.1"
            }
        },
        "d3-array": {
            "version": "1.2.1",
            "resolved": "https://registry.npmjs.org/d3-array/-/d3-array-1.2.1.tgz",
            "integrity": "sha1-0coz3i9qwx76244FCgIdfiOW1dw="
        },
        "d3-axis": {
            "version": "1.0.8",
            "resolved": "https://registry.npmjs.org/d3-axis/-/d3-axis-1.0.8.tgz",
            "integrity": "sha1-MacFoLU15ldZ3hQXOjGTMTfxjvo="
        },
        "d3-brush": {
            "version": "1.0.4",
            "resolved": "https://registry.npmjs.org/d3-brush/-/d3-brush-1.0.4.tgz",
            "integrity": "sha1-AMLyOAGfJPbAoZSibUGhUw/+e8Q=",
            "requires": {
                "d3-dispatch": "1",
                "d3-drag": "1",
                "d3-interpolate": "1",
                "d3-selection": "1",
                "d3-transition": "1"
            }
        },
        "d3-chord": {
            "version": "1.0.4",
            "resolved": "https://registry.npmjs.org/d3-chord/-/d3-chord-1.0.4.tgz",
            "integrity": "sha1-fexPC6iG9xP+ERxF92NBT290yiw=",
            "requires": {
                "d3-array": "1",
                "d3-path": "1"
            }
        },
        "d3-collection": {
            "version": "1.0.4",
            "resolved": "https://registry.npmjs.org/d3-collection/-/d3-collection-1.0.4.tgz",
            "integrity": "sha1-NC39EoN8kJdPM/HMCnha6lcNzcI="
        },
        "d3-color": {
            "version": "1.0.3",
            "resolved": "https://registry.npmjs.org/d3-color/-/d3-color-1.0.3.tgz",
            "integrity": "sha1-vHZD/KjlOoNH4vva/6I2eWtYUJs="
        },
        "d3-dispatch": {
            "version": "1.0.3",
            "resolved": "https://registry.npmjs.org/d3-dispatch/-/d3-dispatch-1.0.3.tgz",
            "integrity": "sha1-RuFJHqqbWMNY/OW+TovtYm54cfg="
        },
        "d3-drag": {
            "version": "1.2.1",
            "resolved": "https://registry.npmjs.org/d3-drag/-/d3-drag-1.2.1.tgz",
            "integrity": "sha1-343UxQL7SQ/HRiBGqK2YpcR5KC0=",
            "requires": {
                "d3-dispatch": "1",
                "d3-selection": "1"
            }
        },
        "d3-dsv": {
            "version": "1.0.8",
            "resolved": "https://registry.npmjs.org/d3-dsv/-/d3-dsv-1.0.8.tgz",
            "integrity": "sha1-kH4kDVezhmGNxWRous/na/GXZK4=",
            "requires": {
                "commander": "2",
                "iconv-lite": "0.4",
                "rw": "1"
            }
        },
        "d3-ease": {
            "version": "1.0.3",
            "resolved": "https://registry.npmjs.org/d3-ease/-/d3-ease-1.0.3.tgz",
            "integrity": "sha1-aL+8NJM4o4DETYrMT7wzBKotjA4="
        },
        "d3-force": {
            "version": "1.1.0",
            "resolved": "https://registry.npmjs.org/d3-force/-/d3-force-1.1.0.tgz",
            "integrity": "sha1-zr88aU8QePzD1Nr45Wey+9cNTqM=",
            "requires": {
                "d3-collection": "1",
                "d3-dispatch": "1",
                "d3-quadtree": "1",
                "d3-timer": "1"
            }
        },
        "d3-format": {
            "version": "1.2.2",
            "resolved": "https://registry.npmjs.org/d3-format/-/d3-format-1.2.2.tgz",
            "integrity": "sha1-GjnEecilf+UFGy5no77icGGnTno="
        },
        "d3-geo": {
            "version": "1.9.1",
            "resolved": "https://registry.npmjs.org/d3-geo/-/d3-geo-1.9.1.tgz",
            "integrity": "sha1-FX47D5FzedD3O+v/875Tf0n6c1Y=",
            "requires": {
                "d3-array": "1"
            }
        },
        "d3-geo-projection": {
            "version": "1.2.2",
            "resolved": "https://registry.npmjs.org/d3-geo-projection/-/d3-geo-projection-1.2.2.tgz",
            "integrity": "sha1-7w5s3PoN8jbQ4j8sp3UEYsozH3I=",
            "requires": {
                "commander": "2",
                "d3-array": "1",
                "d3-geo": "^1.1.0"
            }
        },
        "d3-hierarchy": {
            "version": "1.1.5",
            "resolved": "https://registry.npmjs.org/d3-hierarchy/-/d3-hierarchy-1.1.5.tgz",
            "integrity": "sha1-ochFxC+Eoga88cAcAQmOpN2qeiY="
        },
        "d3-interpolate": {
            "version": "1.1.6",
            "resolved": "https://registry.npmjs.org/d3-interpolate/-/d3-interpolate-1.1.6.tgz",
            "integrity": "sha1-LPOVriOBgE3wiqG/dmt/l7X2j7Y=",
            "requires": {
                "d3-color": "1"
            }
        },
        "d3-path": {
            "version": "1.0.5",
            "resolved": "https://registry.npmjs.org/d3-path/-/d3-path-1.0.5.tgz",
            "integrity": "sha1-JB6xhJvZ6egCHA0KeZ+KDo5EF2Q="
        },
        "d3-polygon": {
            "version": "1.0.3",
            "resolved": "https://registry.npmjs.org/d3-polygon/-/d3-polygon-1.0.3.tgz",
            "integrity": "sha1-FoiOkCZGCTPysXllKtN4Ik04LGI="
        },
        "d3-quadtree": {
            "version": "1.0.3",
            "resolved": "https://registry.npmjs.org/d3-quadtree/-/d3-quadtree-1.0.3.tgz",
            "integrity": "sha1-rHmH4+I/6AWpkPKOG1DTj8uCJDg="
        },
        "d3-queue": {
            "version": "3.0.7",
            "resolved": "https://registry.npmjs.org/d3-queue/-/d3-queue-3.0.7.tgz",
            "integrity": "sha1-yTouVLQXwJWRKdfXP2z31Ckudhg="
        },
        "d3-random": {
            "version": "1.1.0",
            "resolved": "https://registry.npmjs.org/d3-random/-/d3-random-1.1.0.tgz",
            "integrity": "sha1-ZkLlBsb6OmSFldKyRpeIqNElKdM="
        },
        "d3-request": {
            "version": "1.0.6",
            "resolved": "https://registry.npmjs.org/d3-request/-/d3-request-1.0.6.tgz",
            "integrity": "sha1-oQRKnvTsKMgkFxyTefrm15R0sZ8=",
            "requires": {
                "d3-collection": "1",
                "d3-dispatch": "1",
                "d3-dsv": "1",
                "xmlhttprequest": "1"
            }
        },
        "d3-scale": {
            "version": "1.0.7",
            "resolved": "https://registry.npmjs.org/d3-scale/-/d3-scale-1.0.7.tgz",
            "integrity": "sha1-+pAySz6op3ZCK9BHKvqwslKglF0=",
            "requires": {
                "d3-array": "^1.2.0",
                "d3-collection": "1",
                "d3-color": "1",
                "d3-format": "1",
                "d3-interpolate": "1",
                "d3-time": "1",
                "d3-time-format": "2"
            }
        },
        "d3-selection": {
            "version": "1.3.0",
            "resolved": "https://registry.npmjs.org/d3-selection/-/d3-selection-1.3.0.tgz",
            "integrity": "sha1-1TdyOC09xPdQe/sovNLWrtKgrW0="
        },
        "d3-shape": {
            "version": "1.2.0",
            "resolved": "https://registry.npmjs.org/d3-shape/-/d3-shape-1.2.0.tgz",
            "integrity": "sha1-RdAVOPBkuv0F6j1tLLdI/YxB93c=",
            "requires": {
                "d3-path": "1"
            }
        },
        "d3-time": {
            "version": "1.0.8",
            "resolved": "https://registry.npmjs.org/d3-time/-/d3-time-1.0.8.tgz",
            "integrity": "sha1-29LWAHv0Fv5np20XlHt4S//qHoQ="
        },
        "d3-time-format": {
            "version": "2.1.1",
            "resolved": "https://registry.npmjs.org/d3-time-format/-/d3-time-format-2.1.1.tgz",
            "integrity": "sha1-hbfN+8n/yhh/FNPEVv/aJoCBuzE=",
            "requires": {
                "d3-time": "1"
            }
        },
        "d3-timer": {
            "version": "1.0.7",
            "resolved": "https://registry.npmjs.org/d3-timer/-/d3-timer-1.0.7.tgz",
            "integrity": "sha1-35ZQylh/bJZgf/TmDMOCKejdhTE="
        },
        "d3-transition": {
            "version": "1.1.1",
            "resolved": "https://registry.npmjs.org/d3-transition/-/d3-transition-1.1.1.tgz",
            "integrity": "sha1-2O+Jw7hIc1sGDlSjmzKq66pCEDk=",
            "requires": {
                "d3-color": "1",
                "d3-dispatch": "1",
                "d3-ease": "1",
                "d3-interpolate": "1",
                "d3-selection": "^1.1.0",
                "d3-timer": "1"
            }
        },
        "d3-voronoi": {
            "version": "1.1.2",
            "resolved": "https://registry.npmjs.org/d3-voronoi/-/d3-voronoi-1.1.2.tgz",
            "integrity": "sha1-Fodmfo8TotFYyAwUgMWinLDYlzw="
        },
        "d3-zoom": {
            "version": "1.7.1",
            "resolved": "https://registry.npmjs.org/d3-zoom/-/d3-zoom-1.7.1.tgz",
            "integrity": "sha1-AvQ7PD4ttU82RYLX5KI2zMVQa2M=",
            "requires": {
                "d3-dispatch": "1",
                "d3-drag": "1",
                "d3-interpolate": "1",
                "d3-selection": "1",
                "d3-transition": "1"
            }
        },
        "dom-align": {
            "version": "1.11.1",
            "resolved": "https://registry.npmjs.org/dom-align/-/dom-align-1.11.1.tgz",
            "integrity": "sha1-dZK+maZgo2ze3B1u6yK4EJ11jK4="
        },
        "iconv-lite": {
            "version": "0.4.24",
            "resolved": "https://registry.npmjs.org/iconv-lite/-/iconv-lite-0.4.24.tgz",
            "integrity": "sha1-ICK0sl+93CHS9SSXSkdKr+czkIs=",
            "requires": {
                "safer-buffer": ">= 2.1.2 < 3"
            }
        },
        "js-tokens": {
            "version": "4.0.0",
            "resolved": "https://registry.npmjs.org/js-tokens/-/js-tokens-4.0.0.tgz",
            "integrity": "sha1-GSA/tZmR35jjoocFDUZHzerzJJk="
        },
        "lodash": {
            "version": "4.17.15",
            "resolved": "https://registry.npmjs.org/lodash/-/lodash-4.17.15.tgz",
            "integrity": "sha1-tEf2ZwoEVbv+7dETku/zMOoJdUg="
        },
        "loose-envify": {
            "version": "1.4.0",
            "resolved": "https://registry.npmjs.org/loose-envify/-/loose-envify-1.4.0.tgz",
            "integrity": "sha1-ce5R+nvkyuwaY4OffmgtgTLTDK8=",
            "requires": {
                "js-tokens": "^3.0.0 || ^4.0.0"
            }
        },
        "moment": {
            "version": "2.25.3",
            "resolved": "https://registry.npmjs.org/moment/-/moment-2.25.3.tgz",
            "integrity": "sha1-JS/0ExnPQeR3YaGojKsw7f6YCMA="
        },
        "object-assign": {
            "version": "4.1.1",
            "resolved": "https://registry.npmjs.org/object-assign/-/object-assign-4.1.1.tgz",
            "integrity": "sha1-IQmtx5ZYh8/AXLvUQsrIv7s2CGM="
        },
        "performance-now": {
            "version": "2.1.0",
            "resolved": "https://registry.npmjs.org/performance-now/-/performance-now-2.1.0.tgz",
            "integrity": "sha1-Ywn04OX6kT7BxpMHrjZLSzd8nns="
        },
        "prop-types": {
            "version": "15.7.2",
            "resolved": "https://registry.npmjs.org/prop-types/-/prop-types-15.7.2.tgz",
            "integrity": "sha1-UsQedbjIfnK52TYOAga5ncv/psU=",
            "requires": {
                "loose-envify": "^1.4.0",
                "object-assign": "^4.1.1",
                "react-is": "^16.8.1"
            }
        },
        "raf": {
            "version": "3.4.1",
            "resolved": "https://registry.npmjs.org/raf/-/raf-3.4.1.tgz",
            "integrity": "sha1-B0LpmkplUvRF1z4+4DKK8P8e3jk=",
            "requires": {
                "performance-now": "^2.1.0"
            }
        },
        "rc-align": {
            "version": "2.4.5",
            "resolved": "https://registry.npmjs.org/rc-align/-/rc-align-2.4.5.tgz",
            "integrity": "sha1-yUGlhvWdEBfyOkKPC0aGY/txAqs=",
            "requires": {
                "babel-runtime": "^6.26.0",
                "dom-align": "^1.7.0",
                "prop-types": "^15.5.8",
                "rc-util": "^4.0.4"
            }
        },
        "rc-animate": {
            "version": "2.11.1",
            "resolved": "https://registry.npmjs.org/rc-animate/-/rc-animate-2.11.1.tgz",
            "integrity": "sha1-JmbutvHypJWhOyrwniNnEieP2yw=",
            "requires": {
                "babel-runtime": "6.x",
                "classnames": "^2.2.6",
                "css-animation": "^1.3.2",
                "prop-types": "15.x",
                "raf": "^3.4.0",
                "rc-util": "^4.15.3",
                "react-lifecycles-compat": "^3.0.4"
            }
        },
        "rc-slider": {
            "version": "8.7.1",
            "resolved": "https://registry.npmjs.org/rc-slider/-/rc-slider-8.7.1.tgz",
            "integrity": "sha1-ntBzYtyTSJo45lSyG4EirXD9PEI=",
            "requires": {
                "babel-runtime": "6.x",
                "classnames": "^2.2.5",
                "prop-types": "^15.5.4",
                "rc-tooltip": "^3.7.0",
                "rc-util": "^4.0.4",
                "react-lifecycles-compat": "^3.0.4",
                "shallowequal": "^1.1.0",
                "warning": "^4.0.3"
            }
        },
        "rc-tooltip": {
            "version": "3.7.3",
            "resolved": "https://registry.npmjs.org/rc-tooltip/-/rc-tooltip-3.7.3.tgz",
            "integrity": "sha1-KArsavyqROjf8EgPuv+eh/wArsw=",
            "requires": {
                "babel-runtime": "6.x",
                "prop-types": "^15.5.8",
                "rc-trigger": "^2.2.2"
            }
        },
        "rc-trigger": {
            "version": "2.6.5",
            "resolved": "https://registry.npmjs.org/rc-trigger/-/rc-trigger-2.6.5.tgz",
            "integrity": "sha1-FAqFfPKL0PoBua7LHialCnAOmIU=",
            "requires": {
                "babel-runtime": "6.x",
                "classnames": "^2.2.6",
                "prop-types": "15.x",
                "rc-align": "^2.4.0",
                "rc-animate": "2.x",
                "rc-util": "^4.4.0",
                "react-lifecycles-compat": "^3.0.4"
            }
        },
        "rc-util": {
            "version": "4.20.5",
            "resolved": "https://registry.npmjs.org/rc-util/-/rc-util-4.20.5.tgz",
            "integrity": "sha1-98d1aelxrmqK1W+JnK3SInU5gyU=",
            "requires": {
                "add-dom-event-listener": "^1.1.0",
                "prop-types": "^15.5.10",
                "react-is": "^16.12.0",
                "react-lifecycles-compat": "^3.0.4",
                "shallowequal": "^1.1.0"
            }
        },
        "react": {
            "version": "16.13.1",
            "resolved": "https://registry.npmjs.org/react/-/react-16.13.1.tgz",
            "integrity": "sha1-LoGIIvGpdDEiwGPWQQ2FweOv5I4=",
            "requires": {
                "loose-envify": "^1.1.0",
                "object-assign": "^4.1.1",
                "prop-types": "^15.6.2"
            }
        },
        "react-dom": {
            "version": "16.13.1",
            "resolved": "https://registry.npmjs.org/react-dom/-/react-dom-16.13.1.tgz",
            "integrity": "sha1-wb03MxoEhsB47lTEdAcgmTsuDn8=",
            "requires": {
                "loose-envify": "^1.1.0",
                "object-assign": "^4.1.1",
                "prop-types": "^15.6.2",
                "scheduler": "^0.19.1"
            }
        },
        "react-is": {
            "version": "16.13.1",
            "resolved": "https://registry.npmjs.org/react-is/-/react-is-16.13.1.tgz",
            "integrity": "sha1-eJcppNw23imZ3BVt1sHZwYzqVqQ="
        },
        "react-lifecycles-compat": {
            "version": "3.0.4",
            "resolved": "https://registry.npmjs.org/react-lifecycles-compat/-/react-lifecycles-compat-3.0.4.tgz",
            "integrity": "sha1-TxonOv38jzSIqMUWv9p4+HI1I2I="
        },
        "react-simple-maps": {
            "version": "0.9.0",
            "resolved": "https://registry.npmjs.org/react-simple-maps/-/react-simple-maps-0.9.0.tgz",
            "integrity": "sha1-pej0/JWJLs86UQBCdrpD7RacTRg=",
            "requires": {
                "d3-geo": "1.6.3",
                "d3-geo-projection": "1.2.2",
                "topojson-client": "2.1.0"
            },
            "dependencies": {
                "d3-geo": {
                    "version": "1.6.3",
                    "resolved": "https://registry.npmjs.org/d3-geo/-/d3-geo-1.6.3.tgz",
                    "integrity": "sha1-IWg6Q6Bh6rohp/JUtR1ZN+tkB1Y=",
                    "requires": {
                        "d3-array": "1"
                    }
                },
                "topojson-client": {
                    "version": "2.1.0",
                    "resolved": "https://registry.npmjs.org/topojson-client/-/topojson-client-2.1.0.tgz",
                    "integrity": "sha1-/59784mRGF4LQoTCsGroNPDqxsg=",
                    "requires": {
                        "commander": "2"
                    }
                }
            }
        },
        "react-table": {
            "version": "6.11.5",
            "resolved": "https://registry.npmjs.org/react-table/-/react-table-6.11.5.tgz",
            "integrity": "sha1-hOUohdtCagemxM4sfpQvLNTiqlg=",
            "requires": {
                "@types/react-table": "^6.8.5",
                "classnames": "^2.2.5",
                "react-is": "^16.8.1"
            }
        },
        "react-tooltip": {
            "version": "3.11.6",
            "resolved": "https://registry.npmjs.org/react-tooltip/-/react-tooltip-3.11.6.tgz",
            "integrity": "sha1-T5c1oqSqUFgK81HOI+dKVvQa/Aw=",
            "requires": {
                "prop-types": "^15.6.0"
            }
        },
        "react-vizgrammar": {
            "version": "0.8.6",
            "resolved": "https://registry.npmjs.org/react-vizgrammar/-/react-vizgrammar-0.8.6.tgz",
            "integrity": "sha1-bLmek/N81W5nSZBpJI8T09yDyR8=",
            "requires": {
                "d3": "^4.12.0",
                "lodash": "^4.17.4",
                "prop-types": "^15.6.0",
                "rc-slider": "^8.3.4",
                "react": "^16.0.0",
                "react-dom": "^16.0.0",
                "react-simple-maps": "^0.9.0",
                "react-table": "^6.6.0",
                "react-tooltip": "^3.4.0",
                "topojson-client": "^3.0.0",
                "victory": "^0.22.2",
                "victory-core": "^20.2.0"
            }
        },
        "regenerator-runtime": {
            "version": "0.11.1",
            "resolved": "https://registry.npmjs.org/regenerator-runtime/-/regenerator-runtime-0.11.1.tgz",
            "integrity": "sha1-vgWtf5v30i4Fb5cmzuUBf78Z4uk="
        },
        "rw": {
            "version": "1.3.3",
            "resolved": "https://registry.npmjs.org/rw/-/rw-1.3.3.tgz",
            "integrity": "sha1-P4Yt+pGrdmsUiF700BEkv9oHT7Q="
        },
        "safer-buffer": {
            "version": "2.1.2",
            "resolved": "https://registry.npmjs.org/safer-buffer/-/safer-buffer-2.1.2.tgz",
            "integrity": "sha1-RPoWGwGHuVSd2Eu5GAL5vYOFzWo="
        },
        "scheduler": {
            "version": "0.19.1",
            "resolved": "https://registry.npmjs.org/scheduler/-/scheduler-0.19.1.tgz",
            "integrity": "sha1-Tz4u0sGn1laB9MhU+oxaHMtA8ZY=",
            "requires": {
                "loose-envify": "^1.1.0",
                "object-assign": "^4.1.1"
            }
        },
        "shallowequal": {
            "version": "1.1.0",
            "resolved": "https://registry.npmjs.org/shallowequal/-/shallowequal-1.1.0.tgz",
            "integrity": "sha1-GI1SHelbkIdAT9TctosT3wrk5/g="
        },
        "topojson-client": {
            "version": "3.1.0",
            "resolved": "https://registry.npmjs.org/topojson-client/-/topojson-client-3.1.0.tgz",
            "integrity": "sha1-Iuix7QiiuSL+60r29Ttu8JpGe5k=",
            "requires": {
                "commander": "2"
            }
        },
        "victory": {
            "version": "0.22.2",
            "resolved": "https://registry.npmjs.org/victory/-/victory-0.22.2.tgz",
            "integrity": "sha1-0MGrjHfZzQtDvRW6aD8SUNrnuns=",
            "requires": {
                "victory-chart": "^22.0.0",
                "victory-core": "^18.0.2",
                "victory-pie": "^12.0.0"
            },
            "dependencies": {
                "victory-core": {
                    "version": "18.0.2",
                    "resolved": "https://registry.npmjs.org/victory-core/-/victory-core-18.0.2.tgz",
                    "integrity": "sha1-WpYoZdHOR7HOx0CjSjn4J0ttTmg=",
                    "requires": {
                        "d3-ease": "^1.0.0",
                        "d3-interpolate": "^1.1.1",
                        "d3-scale": "^1.0.0",
                        "d3-shape": "^1.2.0",
                        "d3-timer": "^1.0.0",
                        "lodash": "^4.17.4"
                    }
                }
            }
        },
        "victory-chart": {
            "version": "22.0.0",
            "resolved": "https://registry.npmjs.org/victory-chart/-/victory-chart-22.0.0.tgz",
            "integrity": "sha1-VfCoXH0U1Ph6tQt2GvDsFzF3Pms=",
            "requires": {
                "d3-voronoi": "^1.1.2",
                "lodash": "^4.17.4",
                "victory-core": "^18.0.0"
            },
            "dependencies": {
                "victory-core": {
                    "version": "18.0.2",
                    "resolved": "https://registry.npmjs.org/victory-core/-/victory-core-18.0.2.tgz",
                    "integrity": "sha1-WpYoZdHOR7HOx0CjSjn4J0ttTmg=",
                    "requires": {
                        "d3-ease": "^1.0.0",
                        "d3-interpolate": "^1.1.1",
                        "d3-scale": "^1.0.0",
                        "d3-shape": "^1.2.0",
                        "d3-timer": "^1.0.0",
                        "lodash": "^4.17.4"
                    }
                }
            }
        },
        "victory-core": {
            "version": "20.6.0",
            "resolved": "https://registry.npmjs.org/victory-core/-/victory-core-20.6.0.tgz",
            "integrity": "sha1-X19KxDNkyQJdu/vNl6Lz/rP59q0=",
            "requires": {
                "d3-ease": "^1.0.0",
                "d3-interpolate": "^1.1.1",
                "d3-scale": "^1.0.0",
                "d3-shape": "^1.2.0",
                "d3-timer": "^1.0.0",
                "lodash": "^4.17.4"
            }
        },
        "victory-pie": {
            "version": "12.0.0",
            "resolved": "https://registry.npmjs.org/victory-pie/-/victory-pie-12.0.0.tgz",
            "integrity": "sha1-YMc00pdr4tARRG/fqQJOClkipgU=",
            "requires": {
                "d3-shape": "^1.0.0",
                "lodash": "^4.17.4",
                "victory-core": "^18.0.0"
            },
            "dependencies": {
                "victory-core": {
                    "version": "18.0.2",
                    "resolved": "https://registry.npmjs.org/victory-core/-/victory-core-18.0.2.tgz",
                    "integrity": "sha1-WpYoZdHOR7HOx0CjSjn4J0ttTmg=",
                    "requires": {
                        "d3-ease": "^1.0.0",
                        "d3-interpolate": "^1.1.1",
                        "d3-scale": "^1.0.0",
                        "d3-shape": "^1.2.0",
                        "d3-timer": "^1.0.0",
                        "lodash": "^4.17.4"
                    }
                }
            }
        },
        "warning": {
            "version": "4.0.3",
            "resolved": "https://registry.npmjs.org/warning/-/warning-4.0.3.tgz",
            "integrity": "sha1-Fungd+uKhtavfWSqHgX9hbRnjKM=",
            "requires": {
                "loose-envify": "^1.0.0"
            }
        },
        "xmlhttprequest": {
            "version": "1.8.0",
            "resolved": "https://registry.npmjs.org/xmlhttprequest/-/xmlhttprequest-1.8.0.tgz",
            "integrity": "sha1-Z/4HXFwk/vOfnWX197f+dRcZaPw="
        }
    }
}
