{
    "name": "apim-api-request-summary",
    "version": "1.0.0",
    "lockfileVersion": 1,
    "requires": true,
    "dependencies": {
        "@bundled-es-modules/pdfjs-dist": {
            "version": "2.1.266-rc",
            "resolved": "https://registry.npmjs.org/@bundled-es-modules/pdfjs-dist/-/pdfjs-dist-2.1.266-rc.tgz",
            "integrity": "sha512-idli/i9GA7hUW8uRIs2Y48m5QHKRv3PaVxlM1VEoOuzWoF2qLdtOepOpIy3BTblakDNt2f/gINPN7X/v9DBKoQ=="
        },
        "ajv": {
            "version": "6.10.2",
            "resolved": "https://registry.npmjs.org/ajv/-/ajv-6.10.2.tgz",
            "integrity": "sha512-TXtUUEYHuaTEbLZWIKUr5pmBuhDLy+8KYtPYdcV8qC+pOZL+NKqYwvWSRrVXHn+ZmRRAu8vJTAznH7Oag6RVRw==",
            "requires": {
                "fast-deep-equal": "^2.0.1",
                "fast-json-stable-stringify": "^2.0.0",
                "json-schema-traverse": "^0.4.1",
                "uri-js": "^4.2.2"
            }
        },
        "ajv-keywords": {
            "version": "3.4.1",
            "resolved": "https://registry.npmjs.org/ajv-keywords/-/ajv-keywords-3.4.1.tgz",
            "integrity": "sha512-RO1ibKvd27e6FEShVFfPALuHI3WjSVNeK5FIsmme/LYRNxjKuNj+Dt7bucLa6NdSv3JcVTyMlm9kGR84z1XpaQ=="
        },
        "big.js": {
            "version": "5.2.2",
            "resolved": "https://registry.npmjs.org/big.js/-/big.js-5.2.2.tgz",
            "integrity": "sha512-vyL2OymJxmarO8gxMr0mhChsO9QGwhynfuu4+MHTAW6czfq9humCB7rKpUjDd9YUiDPU4mzpyupFSvOClAwbmQ=="
        },
        "emojis-list": {
            "version": "2.1.0",
            "resolved": "https://registry.npmjs.org/emojis-list/-/emojis-list-2.1.0.tgz",
            "integrity": "sha1-TapNnbAPmBmIDHn6RXrlsJof04k="
        },
        "fast-deep-equal": {
            "version": "2.0.1",
            "resolved": "https://registry.npmjs.org/fast-deep-equal/-/fast-deep-equal-2.0.1.tgz",
            "integrity": "sha1-ewUhjd+WZ79/Nwv3/bLLFf3Qqkk="
        },
        "fast-json-stable-stringify": {
            "version": "2.1.0",
            "resolved": "https://registry.npmjs.org/fast-json-stable-stringify/-/fast-json-stable-stringify-2.1.0.tgz",
            "integrity": "sha512-lhd/wF+Lk98HZoTCtlVraHtfh5XYijIjalXck7saUtuanSDyLMxnHhSXEDJqHxD7msR8D0uCmqlkwjCV8xvwHw=="
        },
        "json-schema-traverse": {
            "version": "0.4.1",
            "resolved": "https://registry.npmjs.org/json-schema-traverse/-/json-schema-traverse-0.4.1.tgz",
            "integrity": "sha512-xbbCH5dCYU5T8LcEhhuh7HJ88HXuW3qsI3Y0zOZFKfZEHcpWiHU/Jxzk629Brsab/mMiHQti9wMP+845RPe3Vg=="
        },
        "json5": {
            "version": "1.0.1",
            "resolved": "https://registry.npmjs.org/json5/-/json5-1.0.1.tgz",
            "integrity": "sha512-aKS4WQjPenRxiQsC93MNfjx+nbF4PAdYzmd/1JIj8HYzqfbu86beTuNgXDzPknWk0n0uARlyewZo4s++ES36Ow==",
            "requires": {
                "minimist": "^1.2.0"
            }
        },
        "loader-utils": {
            "version": "1.2.3",
            "resolved": "https://registry.npmjs.org/loader-utils/-/loader-utils-1.2.3.tgz",
            "integrity": "sha512-fkpz8ejdnEMG3s37wGL07iSBDg99O9D5yflE9RGNH3hRdx9SOwYfnGYdZOUIZitN8E+E2vkq3MUMYMvPYl5ZZA==",
            "requires": {
                "big.js": "^5.2.2",
                "emojis-list": "^2.0.0",
                "json5": "^1.0.1"
            }
        },
        "minimist": {
            "version": "1.2.0",
            "resolved": "https://registry.npmjs.org/minimist/-/minimist-1.2.0.tgz",
            "integrity": "sha1-o1AIsg9BOD7sH7kU9M1d95omQoQ="
        },
        "node-ensure": {
            "version": "0.0.0",
            "resolved": "https://registry.npmjs.org/node-ensure/-/node-ensure-0.0.0.tgz",
            "integrity": "sha1-7K52QVDemYYexcgQ/V0Jaxg5Mqc="
        },
        "pdfjs-dist": {
            "version": "2.2.228",
            "resolved": "https://registry.npmjs.org/pdfjs-dist/-/pdfjs-dist-2.2.228.tgz",
            "integrity": "sha512-W5LhYPMS2UKX0ELIa4u+CFCMoox5qQNQElt0bAK2mwz1V8jZL0rvLao+0tBujce84PK6PvWG36Nwr7agCCWFGQ==",
            "requires": {
                "node-ensure": "^0.0.0",
                "worker-loader": "^2.0.0"
            }
        },
        "punycode": {
            "version": "2.1.1",
            "resolved": "https://registry.npmjs.org/punycode/-/punycode-2.1.1.tgz",
            "integrity": "sha512-XRsRjdf+j5ml+y/6GKHPZbrF/8p2Yga0JPtdqTIY2Xe5ohJPD9saDJJLPvp9+NSBprVvevdXZybnj2cv8OEd0A=="
        },
        "react-pdf-js": {
            "version": "5.1.0",
            "resolved": "https://registry.npmjs.org/react-pdf-js/-/react-pdf-js-5.1.0.tgz",
            "integrity": "sha512-l/norbM4BocUJcD0o46b5U4XWTZI1FN1+wfhosPKGy0cJ3T7Ck7GGfr3KXsH5ljc8lyifZPMAm6Rvsbe8OzBbQ==",
            "requires": {
                "@bundled-es-modules/pdfjs-dist": "2.1.266-rc"
            }
        },
        "schema-utils": {
            "version": "0.4.7",
            "resolved": "https://registry.npmjs.org/schema-utils/-/schema-utils-0.4.7.tgz",
            "integrity": "sha512-v/iwU6wvwGK8HbU9yi3/nhGzP0yGSuhQMzL6ySiec1FSrZZDkhm4noOSWzrNFo/jEc+SJY6jRTwuwbSXJPDUnQ==",
            "requires": {
                "ajv": "^6.1.0",
                "ajv-keywords": "^3.1.0"
            }
        },
        "uri-js": {
            "version": "4.2.2",
            "resolved": "https://registry.npmjs.org/uri-js/-/uri-js-4.2.2.tgz",
            "integrity": "sha512-KY9Frmirql91X2Qgjry0Wd4Y+YTdrdZheS8TFwvkbLWf/G5KNJDCh6pKL5OZctEW4+0Baa5idK2ZQuELRwPznQ==",
            "requires": {
                "punycode": "^2.1.0"
            }
        },
        "worker-loader": {
            "version": "2.0.0",
            "resolved": "https://registry.npmjs.org/worker-loader/-/worker-loader-2.0.0.tgz",
            "integrity": "sha512-tnvNp4K3KQOpfRnD20m8xltE3eWh89Ye+5oj7wXEEHKac1P4oZ6p9oTj8/8ExqoSBnk9nu5Pr4nKfQ1hn2APJw==",
            "requires": {
                "loader-utils": "^1.0.0",
                "schema-utils": "^0.4.0"
            }
        }
    }
}
