{
    "name": "apim-total-api-traffic",
    "version": "1.0.0",
    "lockfileVersion": 1,
    "requires": true,
    "dependencies": {
        "@analytics-apim/common-lib": {
            "version": "1.0.0",
            "requires": {
                "short-number": "^1.0.7"
            }
        }
    }
}
