{
	"name": "apim-registered-app-users",
	"version": "1.0.0",
	"lockfileVersion": 1,
	"requires": true,
	"dependencies": {
		"d3-array": {
			"version": "1.2.4",
			"resolved": "https://registry.npmjs.org/d3-array/-/d3-array-1.2.4.tgz",
			"integrity": "sha512-KHW6M86R+FUPYGb3R5XiYjXPq7VzwxZ22buHhAEVG5ztoEcZZMLov530mmccaqA1GghZArjQV46fuc8kUqhhHw=="
		},
		"d3-collection": {
			"version": "1.0.7",
			"resolved": "https://registry.npmjs.org/d3-collection/-/d3-collection-1.0.7.tgz",
			"integrity": "sha512-ii0/r5f4sjKNTfh84Di+DpztYwqKhEyUlKoPrzUFfeSkWxjW49xU2QzO9qrPrNkpdI0XJkfzvmTu8V2Zylln6A=="
		},
		"d3-color": {
			"version": "1.4.0",
			"resolved": "https://registry.npmjs.org/d3-color/-/d3-color-1.4.0.tgz",
			"integrity": "sha512-TzNPeJy2+iEepfiL92LAAB7fvnp/dV2YwANPVHdDWmYMm23qIJBYww3qT8I8C1wXrmrg4UWs7BKc2tKIgyjzHg=="
		},
		"d3-ease": {
			"version": "1.0.6",
			"resolved": "https://registry.npmjs.org/d3-ease/-/d3-ease-1.0.6.tgz",
			"integrity": "sha512-SZ/lVU7LRXafqp7XtIcBdxnWl8yyLpgOmzAk0mWBI9gXNzLDx5ybZgnRbH9dN/yY5tzVBqCQ9avltSnqVwessQ=="
		},
		"d3-format": {
			"version": "1.4.2",
			"resolved": "https://registry.npmjs.org/d3-format/-/d3-format-1.4.2.tgz",
			"integrity": "sha512-gco1Ih54PgMsyIXgttLxEhNy/mXxq8+rLnCb5shQk+P5TsiySrwWU5gpB4zen626J4LIwBxHvDChyA8qDm57ww=="
		},
		"d3-interpolate": {
			"version": "1.4.0",
			"resolved": "https://registry.npmjs.org/d3-interpolate/-/d3-interpolate-1.4.0.tgz",
			"integrity": "sha512-V9znK0zc3jOPV4VD2zZn0sDhZU3WAE2bmlxdIwwQPPzPjvyLkd8B3JUVdS1IDUFDkWZ72c9qnv1GK2ZagTZ8EA==",
			"requires": {
				"d3-color": "1"
			}
		},
		"d3-path": {
			"version": "1.0.9",
			"resolved": "https://registry.npmjs.org/d3-path/-/d3-path-1.0.9.tgz",
			"integrity": "sha512-VLaYcn81dtHVTjEHd8B+pbe9yHWpXKZUC87PzoFmsFrJqgFwDe/qxfp5MlfsfM1V5E/iVt0MmEbWQ7FVIXh/bg=="
		},
		"d3-scale": {
			"version": "1.0.7",
			"resolved": "https://registry.npmjs.org/d3-scale/-/d3-scale-1.0.7.tgz",
			"integrity": "sha512-KvU92czp2/qse5tUfGms6Kjig0AhHOwkzXG0+PqIJB3ke0WUv088AHMZI0OssO9NCkXt4RP8yju9rpH8aGB7Lw==",
			"requires": {
				"d3-array": "^1.2.0",
				"d3-collection": "1",
				"d3-color": "1",
				"d3-format": "1",
				"d3-interpolate": "1",
				"d3-time": "1",
				"d3-time-format": "2"
			}
		},
		"d3-shape": {
			"version": "1.3.7",
			"resolved": "https://registry.npmjs.org/d3-shape/-/d3-shape-1.3.7.tgz",
			"integrity": "sha512-EUkvKjqPFUAZyOlhY5gzCxCeI0Aep04LwIRpsZ/mLFelJiUfnK56jo5JMDSE7yyP2kLSb6LtF+S5chMk7uqPqw==",
			"requires": {
				"d3-path": "1"
			}
		},
		"d3-time": {
			"version": "1.1.0",
			"resolved": "https://registry.npmjs.org/d3-time/-/d3-time-1.1.0.tgz",
			"integrity": "sha512-Xh0isrZ5rPYYdqhAVk8VLnMEidhz5aP7htAADH6MfzgmmicPkTo8LhkLxci61/lCB7n7UmE3bN0leRt+qvkLxA=="
		},
		"d3-time-format": {
			"version": "2.2.2",
			"resolved": "https://registry.npmjs.org/d3-time-format/-/d3-time-format-2.2.2.tgz",
			"integrity": "sha512-pweL2Ri2wqMY+wlW/wpkl8T3CUzKAha8S9nmiQlMABab8r5MJN0PD1V4YyRNVaKQfeh4Z0+VO70TLw6ESVOYzw==",
			"requires": {
				"d3-time": "1"
			}
		},
		"d3-timer": {
			"version": "1.0.10",
			"resolved": "https://registry.npmjs.org/d3-timer/-/d3-timer-1.0.10.tgz",
			"integrity": "sha512-B1JDm0XDaQC+uvo4DT79H0XmBskgS3l6Ve+1SBCfxgmtIb1AVrPIoqd+nPSv+loMX8szQ0sVUhGngL7D5QPiXw=="
		},
		"d3-voronoi": {
			"version": "1.1.4",
			"resolved": "https://registry.npmjs.org/d3-voronoi/-/d3-voronoi-1.1.4.tgz",
			"integrity": "sha512-dArJ32hchFsrQ8uMiTBLq256MpnZjeuBtdHpaDlYuQyjU0CVzCJl/BVW+SkszaAeH95D/8gxqAhgx0ouAWAfRg=="
		},
		"js-tokens": {
			"version": "4.0.0",
			"resolved": "https://registry.npmjs.org/js-tokens/-/js-tokens-4.0.0.tgz",
			"integrity": "sha512-RdJUflcE3cUzKiMqQgsCu06FPu9UdIJO0beYbPhHN4k6apgJtifcoCtT9bcxOpYBtpD2kCM6Sbzg4CausW/PKQ=="
		},
		"lodash": {
			"version": "4.17.15",
			"resolved": "https://registry.npmjs.org/lodash/-/lodash-4.17.15.tgz",
			"integrity": "sha512-8xOcRHvCjnocdS5cpwXQXVzmmh5e5+saE2QGoeQmbKmRS6J3VQppPOIt0MnmE+4xlZoumy0GPG0D0MVIQbNA1A=="
		},
		"loose-envify": {
			"version": "1.4.0",
			"resolved": "https://registry.npmjs.org/loose-envify/-/loose-envify-1.4.0.tgz",
			"integrity": "sha512-lyuxPGr/Wfhrlem2CL/UcnUc1zcqKAImBDzukY7Y5F/yQiNdko6+fRLevlw1HgMySw7f611UIY408EtxRSoK3Q==",
			"requires": {
				"js-tokens": "^3.0.0 || ^4.0.0"
			}
		},
		"object-assign": {
			"version": "4.1.1",
			"resolved": "https://registry.npmjs.org/object-assign/-/object-assign-4.1.1.tgz",
			"integrity": "sha1-IQmtx5ZYh8/AXLvUQsrIv7s2CGM="
		},
		"prop-types": {
			"version": "15.7.2",
			"resolved": "https://registry.npmjs.org/prop-types/-/prop-types-15.7.2.tgz",
			"integrity": "sha512-8QQikdH7//R2vurIJSutZ1smHYTcLpRWEOlHnzcWHmBYrOGUysKwSsrC89BCiFj3CbrfJ/nXFdJepOVrY1GCHQ==",
			"requires": {
				"loose-envify": "^1.4.0",
				"object-assign": "^4.1.1",
				"react-is": "^16.8.1"
			}
		},
		"react-fast-compare": {
			"version": "2.0.4",
			"resolved": "https://registry.npmjs.org/react-fast-compare/-/react-fast-compare-2.0.4.tgz",
			"integrity": "sha512-suNP+J1VU1MWFKcyt7RtjiSWUjvidmQSlqu+eHslq+342xCbGTYmC0mEhPCOHxlW0CywylOC1u2DFAT+bv4dBw=="
		},
		"react-is": {
			"version": "16.12.0",
			"resolved": "https://registry.npmjs.org/react-is/-/react-is-16.12.0.tgz",
			"integrity": "sha512-rPCkf/mWBtKc97aLL9/txD8DZdemK0vkA3JMLShjlJB3Pj3s+lpf1KaBzMfQrAmhMQB0n1cU/SUGgKKBCe837Q=="
		},
		"victory": {
			"version": "31.3.0",
			"resolved": "https://registry.npmjs.org/victory/-/victory-31.3.0.tgz",
			"integrity": "sha512-L+sUq+OeL9pdJu8j1ruYyrvPlhLcTHCdMXizFhWcZnts24FJbGekeVEHz0TrMEn1LXi8FS6EFtIMztW+XVPNHA==",
			"requires": {
				"victory-area": "^31.2.0",
				"victory-axis": "^31.2.0",
				"victory-bar": "^31.2.0",
				"victory-box-plot": "^31.3.0",
				"victory-brush-container": "^31.2.0",
				"victory-brush-line": "^31.2.0",
				"victory-candlestick": "^31.2.0",
				"victory-chart": "^31.2.0",
				"victory-core": "^31.2.0",
				"victory-create-container": "^31.2.0",
				"victory-cursor-container": "^31.2.0",
				"victory-errorbar": "^31.2.0",
				"victory-group": "^31.2.0",
				"victory-legend": "^31.2.0",
				"victory-line": "^31.2.0",
				"victory-pie": "^31.2.0",
				"victory-polar-axis": "^31.2.0",
				"victory-scatter": "^31.2.0",
				"victory-selection-container": "^31.2.0",
				"victory-shared-events": "^31.2.0",
				"victory-stack": "^31.2.0",
				"victory-tooltip": "^31.2.0",
				"victory-voronoi": "^31.2.0",
				"victory-voronoi-container": "^31.2.0",
				"victory-zoom-container": "^31.2.0"
			}
		},
		"victory-area": {
			"version": "31.2.0",
			"resolved": "https://registry.npmjs.org/victory-area/-/victory-area-31.2.0.tgz",
			"integrity": "sha512-C2DT6Cyb3PIYtpbp/nI4yfqQv1gALmqoOzILvPcbkHUFhN8YbcTawRospd2QmLRSPqTW/DMQPLkHFfYdLiW/TA==",
			"requires": {
				"d3-shape": "^1.2.0",
				"lodash": "^4.17.5",
				"prop-types": "^15.5.8",
				"victory-core": "^31.2.0"
			}
		},
		"victory-axis": {
			"version": "31.2.0",
			"resolved": "https://registry.npmjs.org/victory-axis/-/victory-axis-31.2.0.tgz",
			"integrity": "sha512-nFRSR5W3lFZct84UiP1pfcBFRdnjsYhx+3+ZJZxR/bURdvWYyP24cXtEkV/NTMxJMbo+CjJHyv/3YNsr74B5aA==",
			"requires": {
				"lodash": "^4.17.5",
				"prop-types": "^15.5.8",
				"victory-core": "^31.2.0"
			}
		},
		"victory-bar": {
			"version": "31.2.0",
			"resolved": "https://registry.npmjs.org/victory-bar/-/victory-bar-31.2.0.tgz",
			"integrity": "sha512-0OeHdrQgweRoMXPR6nPYw8+5BfMcCdMXNGN9slED7lT6f5cJ5qEQ7/JXAKlIcdQRPw25Kp2zCE8qOr38hGgUmA==",
			"requires": {
				"d3-shape": "^1.2.0",
				"lodash": "^4.17.5",
				"prop-types": "^15.5.8",
				"victory-core": "^31.2.0"
			}
		},
		"victory-box-plot": {
			"version": "31.3.0",
			"resolved": "https://registry.npmjs.org/victory-box-plot/-/victory-box-plot-31.3.0.tgz",
			"integrity": "sha512-xn9gYIEWzyEeogIiQm3kHcTGoZhrHTzReoGSduO16MBsAqjqauU8xljyh9r965bg7+uMHAnkivhKH0kM1DSHsg==",
			"requires": {
				"d3-array": "^1.2.0",
				"lodash": "^4.17.5",
				"prop-types": "^15.5.8",
				"victory-core": "^31.2.0"
			}
		},
		"victory-brush-container": {
			"version": "31.2.0",
			"resolved": "https://registry.npmjs.org/victory-brush-container/-/victory-brush-container-31.2.0.tgz",
			"integrity": "sha512-TaLie/aUVkbp3Z+YE+c/BMCmlaIdjYQa7yHyfxzpW48AZEBkZKrmTnMn2SeJJPpZP1WJXVKcRc6UbNX65KnANQ==",
			"requires": {
				"lodash": "^4.17.5",
				"prop-types": "^15.5.8",
				"victory-core": "^31.2.0"
			}
		},
		"victory-brush-line": {
			"version": "31.2.0",
			"resolved": "https://registry.npmjs.org/victory-brush-line/-/victory-brush-line-31.2.0.tgz",
			"integrity": "sha512-JzDu1rXUNU7rGKPqjkr+QyqUwGqx7TEZn2WiFOb5xpjnl/zTfxSZqMABfwtaj+pJ8qo035KMMMgXaF3RAcKjpA==",
			"requires": {
				"lodash": "^4.17.5",
				"prop-types": "^15.5.8",
				"victory-core": "^31.2.0"
			}
		},
		"victory-candlestick": {
			"version": "31.2.0",
			"resolved": "https://registry.npmjs.org/victory-candlestick/-/victory-candlestick-31.2.0.tgz",
			"integrity": "sha512-s6GihyBzW8fqXcE0cQ8mw6rF23bTkHvWjW3kg0iY6JJkWTomCd46nypiIsf/MwbvJLdjyIwjtyPmgJ8YCOdnZA==",
			"requires": {
				"lodash": "^4.17.5",
				"prop-types": "^15.5.8",
				"victory-core": "^31.2.0"
			}
		},
		"victory-chart": {
			"version": "31.2.0",
			"resolved": "https://registry.npmjs.org/victory-chart/-/victory-chart-31.2.0.tgz",
			"integrity": "sha512-FcPfnIfW9ahLHRyglMwiSBjtWEoWeVQU4CR1Wgx6T8FiHmCSKs1Eh1YasFfveKOA15w6d+6zVxYJLVZTEAI88A==",
			"requires": {
				"lodash": "^4.17.5",
				"prop-types": "^15.5.8",
				"react-fast-compare": "^2.0.0",
				"victory-axis": "^31.2.0",
				"victory-core": "^31.2.0",
				"victory-polar-axis": "^31.2.0",
				"victory-shared-events": "^31.2.0"
			}
		},
		"victory-core": {
			"version": "31.2.0",
			"resolved": "https://registry.npmjs.org/victory-core/-/victory-core-31.2.0.tgz",
			"integrity": "sha512-fKSJ2vKkvk6jc6ofBQ7/MbC2+r3Do7zeKfUnT7l4Z163kPDOWicA+wUdgMPlRtRv4J70z9tIENq8xMI22FMCpA==",
			"requires": {
				"d3-ease": "^1.0.0",
				"d3-interpolate": "^1.1.1",
				"d3-scale": "^1.0.0",
				"d3-shape": "^1.2.0",
				"d3-timer": "^1.0.0",
				"lodash": "^4.17.5",
				"prop-types": "^15.5.8",
				"react-fast-compare": "^2.0.0"
			}
		},
		"victory-create-container": {
			"version": "31.2.0",
			"resolved": "https://registry.npmjs.org/victory-create-container/-/victory-create-container-31.2.0.tgz",
			"integrity": "sha512-4qqoHDODZdJUCK4X1z6aQmEjgc5EYPqIdTIGBsXGOsWeLKITv1tmg/gDn0ULfx/VfLpwZGkpQNBOcGnLfsKbZQ==",
			"requires": {
				"lodash": "^4.17.5",
				"victory-brush-container": "^31.2.0",
				"victory-core": "^31.2.0",
				"victory-cursor-container": "^31.2.0",
				"victory-selection-container": "^31.2.0",
				"victory-voronoi-container": "^31.2.0",
				"victory-zoom-container": "^31.2.0"
			}
		},
		"victory-cursor-container": {
			"version": "31.2.0",
			"resolved": "https://registry.npmjs.org/victory-cursor-container/-/victory-cursor-container-31.2.0.tgz",
			"integrity": "sha512-C/yVWhKtDqrUBc3bMX5XAV2GKyA8oB36wlm3NpOWpwEcL2JDif+wrsDXh4obHanH7RIaZN50Wbxs6Q21XzztNQ==",
			"requires": {
				"lodash": "^4.17.5",
				"prop-types": "^15.5.8",
				"victory-core": "^31.2.0"
			}
		},
		"victory-errorbar": {
			"version": "31.2.0",
			"resolved": "https://registry.npmjs.org/victory-errorbar/-/victory-errorbar-31.2.0.tgz",
			"integrity": "sha512-5zp8NVp3Pmtz0cApGXTvJSE39sKDoQwJN+i6I00eIaKSYcJnlG2A4k0ktddzrZIErTfuNkmHAXLopegw/p2Dfw==",
			"requires": {
				"lodash": "^4.17.5",
				"prop-types": "^15.5.8",
				"victory-core": "^31.2.0"
			}
		},
		"victory-group": {
			"version": "31.2.0",
			"resolved": "https://registry.npmjs.org/victory-group/-/victory-group-31.2.0.tgz",
			"integrity": "sha512-BlQFMuhmOe7Q4cr2GkfaDjY7iqiLYTLPlOAx7TdtT8xBp+xe0Dulffxbdj4FX/wANuLI5UMNR2+XPdtTU9APng==",
			"requires": {
				"lodash": "^4.17.5",
				"prop-types": "^15.5.8",
				"react-fast-compare": "^2.0.0",
				"victory-core": "^31.2.0"
			}
		},
		"victory-legend": {
			"version": "31.2.0",
			"resolved": "https://registry.npmjs.org/victory-legend/-/victory-legend-31.2.0.tgz",
			"integrity": "sha512-3uZzx6hmaZXn+bDn284TyZkDWRCE+zw0MZ2ABbII9jLxbP/8073fAj2DJA1AJ7Tjkq/ck9nQlHeddL5XyOyP/g==",
			"requires": {
				"lodash": "^4.17.5",
				"prop-types": "^15.5.8",
				"victory-core": "^31.2.0"
			}
		},
		"victory-line": {
			"version": "31.2.0",
			"resolved": "https://registry.npmjs.org/victory-line/-/victory-line-31.2.0.tgz",
			"integrity": "sha512-Jld+JCcyTkEuSU/WKWx1BeUL0BbwO90nwp2gbzH47lazgVxgyzffiziZQm7FJlUDJUxXPu2e4qTxGoajhoo6yg==",
			"requires": {
				"d3-shape": "^1.2.0",
				"lodash": "^4.17.5",
				"prop-types": "^15.5.8",
				"victory-core": "^31.2.0"
			}
		},
		"victory-pie": {
			"version": "31.2.0",
			"resolved": "https://registry.npmjs.org/victory-pie/-/victory-pie-31.2.0.tgz",
			"integrity": "sha512-USpa9RcUZLBWmbAWXAxjHhSwsuoV0w7G3LXpsrhDAz7zIIEupLh3v8s67qr4yRGv8zapo1wedS+xtRP7AVVgTQ==",
			"requires": {
				"d3-shape": "^1.0.0",
				"lodash": "^4.17.5",
				"prop-types": "^15.5.8",
				"victory-core": "^31.2.0"
			}
		},
		"victory-polar-axis": {
			"version": "31.2.0",
			"resolved": "https://registry.npmjs.org/victory-polar-axis/-/victory-polar-axis-31.2.0.tgz",
			"integrity": "sha512-TEl6BDB6zaSc13moR3/J61tEKoVdgpXrUsE96zDUMCSXiyaVbAcQLyp7vZTFxQZJwrlhY68Ud6rcIAhiwej5zg==",
			"requires": {
				"lodash": "^4.17.5",
				"prop-types": "^15.5.8",
				"victory-core": "^31.2.0"
			}
		},
		"victory-scatter": {
			"version": "31.2.0",
			"resolved": "https://registry.npmjs.org/victory-scatter/-/victory-scatter-31.2.0.tgz",
			"integrity": "sha512-k8RHTrpqUFhuu2TphOn1RaohU9lKJRmDG6FUKcF8HAdnAwworS6+cbY6OD5VToWsCZiCxjnLHzAzmOklm7hP4g==",
			"requires": {
				"lodash": "^4.17.5",
				"prop-types": "^15.5.8",
				"victory-core": "^31.2.0"
			}
		},
		"victory-selection-container": {
			"version": "31.2.0",
			"resolved": "https://registry.npmjs.org/victory-selection-container/-/victory-selection-container-31.2.0.tgz",
			"integrity": "sha512-uFhlfVEhIwh4AmrKApe3rxc7f9ZXbvjIVA2xEpxQETz7YCdh9RSwwvs/NKbrBJKxdl8S0vtleEGkumx5/7IeHQ==",
			"requires": {
				"lodash": "^4.17.5",
				"prop-types": "^15.5.8",
				"victory-core": "^31.2.0"
			}
		},
		"victory-shared-events": {
			"version": "31.2.0",
			"resolved": "https://registry.npmjs.org/victory-shared-events/-/victory-shared-events-31.2.0.tgz",
			"integrity": "sha512-jtvDD7WClLVaJhuQLkaNJy0/IlfaIUay8YPTY4Lkyioedv8dAWXsggmrCXhxNP1+OBOHVFGpn1Zq1PnG1tJYuA==",
			"requires": {
				"lodash": "^4.17.5",
				"prop-types": "^15.5.8",
				"react-fast-compare": "^2.0.0",
				"victory-core": "^31.2.0"
			}
		},
		"victory-stack": {
			"version": "31.2.0",
			"resolved": "https://registry.npmjs.org/victory-stack/-/victory-stack-31.2.0.tgz",
			"integrity": "sha512-dZROpWYzCmaNBxO5nRmAVpC9HNhBtLtQLsbNDExF/tswlTJrwgzA8xzTpr4Wb3JAc3FSBG67k59Mo47ebsef9Q==",
			"requires": {
				"lodash": "^4.17.5",
				"prop-types": "^15.5.8",
				"react-fast-compare": "^2.0.0",
				"victory-core": "^31.2.0"
			}
		},
		"victory-tooltip": {
			"version": "31.2.0",
			"resolved": "https://registry.npmjs.org/victory-tooltip/-/victory-tooltip-31.2.0.tgz",
			"integrity": "sha512-qt59IDvSvu3yw3VpMNVSjLcFyDPme77reFmcuvLDN4tglF7lLeiG69JgnmtKFILkTL7R3/eIMyufJwQgVRLDiA==",
			"requires": {
				"lodash": "^4.17.5",
				"prop-types": "^15.5.8",
				"victory-core": "^31.2.0"
			}
		},
		"victory-voronoi": {
			"version": "31.2.0",
			"resolved": "https://registry.npmjs.org/victory-voronoi/-/victory-voronoi-31.2.0.tgz",
			"integrity": "sha512-orCNZRsMfzwVbP4p+dmJVFqWgP0YgwuhsNeck/mbCt8lRVi0T3oKSrureGMfcqeLpWnOF6dyMiTK34MX+fOZpA==",
			"requires": {
				"d3-voronoi": "^1.1.2",
				"lodash": "^4.17.5",
				"prop-types": "^15.5.8",
				"victory-core": "^31.2.0"
			}
		},
		"victory-voronoi-container": {
			"version": "31.2.0",
			"resolved": "https://registry.npmjs.org/victory-voronoi-container/-/victory-voronoi-container-31.2.0.tgz",
			"integrity": "sha512-DTLjVVdvBENJMnNG8u2FKfXDCTVeE/QSvw2wbMkt3avi7RpSg/QAHaqplr6/ALYln5QXJ73tqp4XzR2aMY/gsQ==",
			"requires": {
				"d3-voronoi": "^1.1.2",
				"lodash": "^4.17.5",
				"prop-types": "^15.5.8",
				"victory-core": "^31.2.0",
				"victory-tooltip": "^31.2.0"
			}
		},
		"victory-zoom-container": {
			"version": "31.2.0",
			"resolved": "https://registry.npmjs.org/victory-zoom-container/-/victory-zoom-container-31.2.0.tgz",
			"integrity": "sha512-ENr7ptNtThESp1SiY8vDgZgAEgAe43jt/QqChxjzbnz4KKfbDx21gODV2L4bi6FYONsRUXu27pa/YaOLi38oWA==",
			"requires": {
				"lodash": "^4.17.5",
				"prop-types": "^15.5.8",
				"victory-core": "^31.2.0"
			}
		}
	}
}
